<?xml version="1.0" encoding="utf-8"?>
<Project ToolsVersion="4.0" xmlns="http://schemas.microsoft.com/developer/msbuild/2003">
  <ItemGroup>
    <Filter Include="Source Files">
      <UniqueIdentifier>{4FC737F1-C7A5-4376-A066-2A32D752A2FF}</UniqueIdentifier>
      <Extensions>cpp;c;cc;cxx;def;odl;idl;hpj;bat;asm;asmx</Extensions>
    </Filter>
    <Filter Include="Header Files">
      <UniqueIdentifier>{93995380-89BD-4b04-88EB-625FBE52EBFB}</UniqueIdentifier>
      <Extensions>h;hh;hpp;hxx;hm;inl;inc;xsd</Extensions>
    </Filter>
    <Filter Include="Resource Files">
      <UniqueIdentifier>{67DA6AB6-F800-4c08-8B7A-83BB121AAD01}</UniqueIdentifier>
      <Extensions>rc;ico;cur;bmp;dlg;rc2;rct;bin;rgs;gif;jpg;jpeg;jpe;resx;tiff;tif;png;wav;mfcribbon-ms</Extensions>
    </Filter>
  </ItemGroup>
  <ItemGroup>
    <ClInclude Include="3Sum.h">
      <Filter>Header Files</Filter>
    </ClInclude>
    <ClInclude Include="LongestPalindromicSubstring.h">
      <Filter>Header Files</Filter>
    </ClInclude>
    <ClInclude Include="LongestSubstringWithoutRepeatingCharacters.h">
      <Filter>Header Files</Filter>
    </ClInclude>
    <ClInclude Include="MedianOfTwoSortedArrays.h">
      <Filter>Header Files</Filter>
    </ClInclude>
    <ClInclude Include="RegularExpressionMatching.h">
      <Filter>Header Files</Filter>
    </ClInclude>
    <ClInclude Include="ContainerWithMostWater.h">
      <Filter>Header Files</Filter>
    </ClInclude>
    <ClInclude Include="LetterCombinationsOfAPhoneNumber.h">
      <Filter>Header Files</Filter>
    </ClInclude>
    <ClInclude Include="GenerateParentheses.h">
      <Filter>Header Files</Filter>
    </ClInclude>
    <ClInclude Include="ReverseNodesInKGroup.h">
      <Filter>Header Files</Filter>
    </ClInclude>
    <ClInclude Include="RemoveDuplicatesFromSortedArray.h">
      <Filter>Header Files</Filter>
    </ClInclude>
    <ClInclude Include="RemoveElement.h">
      <Filter>Header Files</Filter>
    </ClInclude>
    <ClInclude Include="DivideTwoIntegers.h">
      <Filter>Header Files</Filter>
    </ClInclude>
    <ClInclude Include="SubstringWithConcatenationOfAllWords.h">
      <Filter>Header Files</Filter>
    </ClInclude>
    <ClInclude Include="NextPermutation.h">
      <Filter>Header Files</Filter>
    </ClInclude>
    <ClInclude Include="LongestValidParentheses.h">
      <Filter>Header Files</Filter>
    </ClInclude>
    <ClInclude Include="ValidSudoku.h">
      <Filter>Header Files</Filter>
    </ClInclude>
    <ClInclude Include="CombinationSum.h">
      <Filter>Header Files</Filter>
    </ClInclude>
    <ClInclude Include="CombinationSumII.h">
      <Filter>Header Files</Filter>
    </ClInclude>
    <ClInclude Include="FirstMissingPositive.h">
      <Filter>Header Files</Filter>
    </ClInclude>
    <ClInclude Include="TrappingRainWater.h">
      <Filter>Header Files</Filter>
    </ClInclude>
    <ClInclude Include="JumpGameII.h">
      <Filter>Header Files</Filter>
    </ClInclude>
    <ClInclude Include="PermutationsII.h">
      <Filter>Header Files</Filter>
    </ClInclude>
  </ItemGroup>
  <ItemGroup>
    <ClCompile Include="3Sum.cpp">
      <Filter>Source Files</Filter>
    </ClCompile>
    <ClCompile Include="LongestPalindromicSubstring.cpp">
      <Filter>Source Files</Filter>
    </ClCompile>
    <ClCompile Include="LongestSubstringWithoutRepeatingCharacters.cpp">
      <Filter>Source Files</Filter>
    </ClCompile>
    <ClCompile Include="MedianOfTwoSortedArrays.cpp">
      <Filter>Source Files</Filter>
    </ClCompile>
    <ClCompile Include="RegularExpressionMatching.cpp">
      <Filter>Source Files</Filter>
    </ClCompile>
    <ClCompile Include="ContainerWithMostWater.cpp">
      <Filter>Source Files</Filter>
    </ClCompile>
    <ClCompile Include="LetterCombinationsOfAPhoneNumber.cpp">
      <Filter>Source Files</Filter>
    </ClCompile>
    <ClCompile Include="GenerateParentheses.cpp">
      <Filter>Source Files</Filter>
    </ClCompile>
    <ClCompile Include="ReverseNodesInKGroup.cpp">
      <Filter>Source Files</Filter>
    </ClCompile>
    <ClCompile Include="RemoveDuplicatesFromSortedArray.cpp">
      <Filter>Source Files</Filter>
    </ClCompile>
    <ClCompile Include="RemoveElement.cpp">
      <Filter>Source Files</Filter>
    </ClCompile>
    <ClCompile Include="DivideTwoIntegers.cpp">
      <Filter>Source Files</Filter>
    </ClCompile>
    <ClCompile Include="SubstringWithConcatenationOfAllWords.cpp">
      <Filter>Source Files</Filter>
    </ClCompile>
    <ClCompile Include="NextPermutation.cpp">
      <Filter>Source Files</Filter>
    </ClCompile>
    <ClCompile Include="LongestValidParentheses.cpp">
      <Filter>Source Files</Filter>
    </ClCompile>
    <ClCompile Include="ValidSudoku.cpp">
      <Filter>Source Files</Filter>
    </ClCompile>
    <ClCompile Include="CombinationSum.cpp">
      <Filter>Source Files</Filter>
    </ClCompile>
    <ClCompile Include="CombinationSumII.cpp">
      <Filter>Source Files</Filter>
    </ClCompile>
    <ClCompile Include="FirstMissingPositive.cpp">
      <Filter>Source Files</Filter>
    </ClCompile>
    <ClCompile Include="TrappingRainWater.cpp">
      <Filter>Source Files</Filter>
    </ClCompile>
    <ClCompile Include="JumpGameII.cpp">
      <Filter>Source Files</Filter>
    </ClCompile>
    <ClCompile Include="PermutationsII.cpp">
      <Filter>Source Files</Filter>
    </ClCompile>
  </ItemGroup>
</Project>